
Microsoft Visual Studio Solution File, Format Version 12.00
# Visual Studio 15
VisualStudioVersion = 15.0.27703.2047
MinimumVisualStudioVersion = 10.0.40219.1
Project("{FAE04EC0-301F-11D3-BF4B-00C04F79EFBC}") = "Ejecicio2NotasWebApp", "Ejecicio2NotasWebApp\Ejecicio2NotasWebApp.csproj", "{61898720-7359-46AE-80B7-8976FB0E9F5B}"
EndProject
Global
	GlobalSection(SolutionConfigurationPlatforms) = preSolution
		Debug|Any CPU = Debug|Any CPU
		Release|Any CPU = Release|Any CPU
	EndGlobalSection
	GlobalSection(ProjectConfigurationPlatforms) = postSolution
		{61898720-7359-46AE-80B7-8976FB0E9F5B}.Debug|Any CPU.ActiveCfg = Debug|Any CPU
		{61898720-7359-46AE-80B7-8976FB0E9F5B}.Debug|Any CPU.Build.0 = Debug|Any CPU
		{61898720-7359-46AE-80B7-8976FB0E9F5B}.Release|Any CPU.ActiveCfg = Release|Any CPU
		{61898720-7359-46AE-80B7-8976FB0E9F5B}.Release|Any CPU.Build.0 = Release|Any CPU
	EndGlobalSection
	GlobalSection(SolutionProperties) = preSolution
		HideSolutionNode = FALSE
	EndGlobalSection
	GlobalSection(ExtensibilityGlobals) = postSolution
		SolutionGuid = {FE90BD13-4321-4ED7-8B10-86563A3867EB}
	EndGlobalSection
EndGlobal
